
Microsoft Visual Studio Solution File, Format Version 12.00
# Visual Studio Version 17
VisualStudioVersion = 17.0.31903.59
MinimumVisualStudioVersion = 10.0.40219.1
Project("{FAE04EC0-301F-11D3-BF4B-00C04F79EFBC}") = "app", "app\app.csproj", "{709E9149-DF4C-4F0F-B854-35DA3DACE7CE}"
EndProject
Project("{FAE04EC0-301F-11D3-BF4B-00C04F79EFBC}") = "core", "core\core.csproj", "{DE80F526-1BA0-4777-9D17-5C9776F2BB35}"
EndProject
Global
	GlobalSection(SolutionConfigurationPlatforms) = preSolution
		Debug|Any CPU = Debug|Any CPU
		Release|Any CPU = Release|Any CPU
	EndGlobalSection
	GlobalSection(SolutionProperties) = preSolution
		HideSolutionNode = FALSE
	EndGlobalSection
	GlobalSection(ProjectConfigurationPlatforms) = postSolution
		{709E9149-DF4C-4F0F-B854-35DA3DACE7CE}.Debug|Any CPU.ActiveCfg = Debug|Any CPU
		{709E9149-DF4C-4F0F-B854-35DA3DACE7CE}.Debug|Any CPU.Build.0 = Debug|Any CPU
		{709E9149-DF4C-4F0F-B854-35DA3DACE7CE}.Release|Any CPU.ActiveCfg = Release|Any CPU
		{709E9149-DF4C-4F0F-B854-35DA3DACE7CE}.Release|Any CPU.Build.0 = Release|Any CPU
		{DE80F526-1BA0-4777-9D17-5C9776F2BB35}.Debug|Any CPU.ActiveCfg = Debug|Any CPU
		{DE80F526-1BA0-4777-9D17-5C9776F2BB35}.Debug|Any CPU.Build.0 = Debug|Any CPU
		{DE80F526-1BA0-4777-9D17-5C9776F2BB35}.Release|Any CPU.ActiveCfg = Release|Any CPU
		{DE80F526-1BA0-4777-9D17-5C9776F2BB35}.Release|Any CPU.Build.0 = Release|Any CPU
	EndGlobalSection
EndGlobal
